// !$*UTF8*$!
{
	archiveVersion = 1;
	classes = {
	};
	objectVersion = 46;
	objects = {

/* Begin PBXBuildFile section */
		A5612CCD1927A077004553FD /* TTStudent.m in Sources */ = {isa = PBXBuildFile; fileRef = A5612CCC1927A077004553FD /* TTStudent.m */; };
		A5612CD01927A605004553FD /* NSDate+RandomDate.m in Sources */ = {isa = PBXBuildFile; fileRef = A5612CCF1927A605004553FD /* NSDate+RandomDate.m */; };
		A5E3FDD71920EC50004912BA /* Foundation.framework in Frameworks */ = {isa = PBXBuildFile; fileRef = A5E3FDD61920EC50004912BA /* Foundation.framework */; };
		A5E3FDD91920EC50004912BA /* CoreGraphics.framework in Frameworks */ = {isa = PBXBuildFile; fileRef = A5E3FDD81920EC50004912BA /* CoreGraphics.framework */; };
		A5E3FDDB1920EC50004912BA /* UIKit.framework in Frameworks */ = {isa = PBXBuildFile; fileRef = A5E3FDDA1920EC50004912BA /* UIKit.framework */; };
		A5E3FDE11920EC50004912BA /* InfoPlist.strings in Resources */ = {isa = PBXBuildFile; fileRef = A5E3FDDF1920EC50004912BA /* InfoPlist.strings */; };
		A5E3FDE31920EC50004912BA /* main.m in Sources */ = {isa = PBXBuildFile; fileRef = A5E3FDE21920EC50004912BA /* main.m */; };
		A5E3FDE71920EC50004912BA /* TTAppDelegate.m in Sources */ = {isa = PBXBuildFile; fileRef = A5E3FDE61920EC50004912BA /* TTAppDelegate.m */; };
		A5E3FDEA1920EC50004912BA /* Main.storyboard in Resources */ = {isa = PBXBuildFile; fileRef = A5E3FDE81920EC50004912BA /* Main.storyboard */; };
		A5E3FDED1920EC50004912BA /* TTViewController.m in Sources */ = {isa = PBXBuildFile; fileRef = A5E3FDEC1920EC50004912BA /* TTViewController.m */; };
		A5E3FDEF1920EC50004912BA /* Images.xcassets in Resources */ = {isa = PBXBuildFile; fileRef = A5E3FDEE1920EC50004912BA /* Images.xcassets */; };
		A5E3FDF61920EC50004912BA /* XCTest.framework in Frameworks */ = {isa = PBXBuildFile; fileRef = A5E3FDF51920EC50004912BA /* XCTest.framework */; };
		A5E3FDF71920EC50004912BA /* Foundation.framework in Frameworks */ = {isa = PBXBuildFile; fileRef = A5E3FDD61920EC50004912BA /* Foundation.framework */; };
		A5E3FDF81920EC50004912BA /* UIKit.framework in Frameworks */ = {isa = PBXBuildFile; fileRef = A5E3FDDA1920EC50004912BA /* UIKit.framework */; };
		A5E3FE001920EC50004912BA /* InfoPlist.strings in Resources */ = {isa = PBXBuildFile; fileRef = A5E3FDFE1920EC50004912BA /* InfoPlist.strings */; };
		A5E3FE021920EC50004912BA /* CoreDataIntroKVC_KVOTests.m in Sources */ = {isa = PBXBuildFile; fileRef = A5E3FE011920EC50004912BA /* CoreDataIntroKVC_KVOTests.m */; };
/* End PBXBuildFile section */

/* Begin PBXContainerItemProxy section */
		A5E3FDF91920EC50004912BA /* PBXContainerItemProxy */ = {
			isa = PBXContainerItemProxy;
			containerPortal = A5E3FDCB1920EC50004912BA /* Project object */;
			proxyType = 1;
			remoteGlobalIDString = A5E3FDD21920EC50004912BA;
			remoteInfo = "CoreDataIntroKVC-KVO";
		};
/* End PBXContainerItemProxy section */

/* Begin PBXFileReference section */
		A5612CCB1927A077004553FD /* TTStudent.h */ = {isa = PBXFileReference; fileEncoding = 4; lastKnownFileType = sourcecode.c.h; path = TTStudent.h; sourceTree = "<group>"; };
		A5612CCC1927A077004553FD /* TTStudent.m */ = {isa = PBXFileReference; fileEncoding = 4; lastKnownFileType = sourcecode.c.objc; path = TTStudent.m; sourceTree = "<group>"; };
		A5612CCE1927A605004553FD /* NSDate+RandomDate.h */ = {isa = PBXFileReference; fileEncoding = 4; lastKnownFileType = sourcecode.c.h; path = "NSDate+RandomDate.h"; sourceTree = "<group>"; };
		A5612CCF1927A605004553FD /* NSDate+RandomDate.m */ = {isa = PBXFileReference; fileEncoding = 4; lastKnownFileType = sourcecode.c.objc; path = "NSDate+RandomDate.m"; sourceTree = "<group>"; };
		A5E3FDD31920EC50004912BA /* CoreDataIntroKVC-KVO.app */ = {isa = PBXFileReference; explicitFileType = wrapper.application; includeInIndex = 0; path = "CoreDataIntroKVC-KVO.app"; sourceTree = BUILT_PRODUCTS_DIR; };
		A5E3FDD61920EC50004912BA /* Foundation.framework */ = {isa = PBXFileReference; lastKnownFileType = wrapper.framework; name = Foundation.framework; path = System/Library/Frameworks/Foundation.framework; sourceTree = SDKROOT; };
		A5E3FDD81920EC50004912BA /* CoreGraphics.framework */ = {isa = PBXFileReference; lastKnownFileType = wrapper.framework; name = CoreGraphics.framework; path = System/Library/Frameworks/CoreGraphics.framework; sourceTree = SDKROOT; };
		A5E3FDDA1920EC50004912BA /* UIKit.framework */ = {isa = PBXFileReference; lastKnownFileType = wrapper.framework; name = UIKit.framework; path = System/Library/Frameworks/UIKit.framework; sourceTree = SDKROOT; };
		A5E3FDDE1920EC50004912BA /* CoreDataIntroKVC-KVO-Info.plist */ = {isa = PBXFileReference; lastKnownFileType = text.plist.xml; path = "CoreDataIntroKVC-KVO-Info.plist"; sourceTree = "<group>"; };
		A5E3FDE01920EC50004912BA /* en */ = {isa = PBXFileReference; lastKnownFileType = text.plist.strings; name = en; path = en.lproj/InfoPlist.strings; sourceTree = "<group>"; };
		A5E3FDE21920EC50004912BA /* main.m */ = {isa = PBXFileReference; lastKnownFileType = sourcecode.c.objc; path = main.m; sourceTree = "<group>"; };
		A5E3FDE41920EC50004912BA /* CoreDataIntroKVC-KVO-Prefix.pch */ = {isa = PBXFileReference; lastKnownFileType = sourcecode.c.h; path = "CoreDataIntroKVC-KVO-Prefix.pch"; sourceTree = "<group>"; };
		A5E3FDE51920EC50004912BA /* TTAppDelegate.h */ = {isa = PBXFileReference; lastKnownFileType = sourcecode.c.h; path = TTAppDelegate.h; sourceTree = "<group>"; };
		A5E3FDE61920EC50004912BA /* TTAppDelegate.m */ = {isa = PBXFileReference; lastKnownFileType = sourcecode.c.objc; path = TTAppDelegate.m; sourceTree = "<group>"; };
		A5E3FDE91920EC50004912BA /* Base */ = {isa = PBXFileReference; lastKnownFileType = file.storyboard; name = Base; path = Base.lproj/Main.storyboard; sourceTree = "<group>"; };
		A5E3FDEB1920EC50004912BA /* TTViewController.h */ = {isa = PBXFileReference; lastKnownFileType = sourcecode.c.h; path = TTViewController.h; sourceTree = "<group>"; };
		A5E3FDEC1920EC50004912BA /* TTViewController.m */ = {isa = PBXFileReference; lastKnownFileType = sourcecode.c.objc; path = TTViewController.m; sourceTree = "<group>"; };
		A5E3FDEE1920EC50004912BA /* Images.xcassets */ = {isa = PBXFileReference; lastKnownFileType = folder.assetcatalog; path = Images.xcassets; sourceTree = "<group>"; };
		A5E3FDF41920EC50004912BA /* CoreDataIntroKVC-KVOTests.xctest */ = {isa = PBXFileReference; explicitFileType = wrapper.cfbundle; includeInIndex = 0; path = "CoreDataIntroKVC-KVOTests.xctest"; sourceTree = BUILT_PRODUCTS_DIR; };
		A5E3FDF51920EC50004912BA /* XCTest.framework */ = {isa = PBXFileReference; lastKnownFileType = wrapper.framework; name = XCTest.framework; path = Library/Frameworks/XCTest.framework; sourceTree = DEVELOPER_DIR; };
		A5E3FDFD1920EC50004912BA /* CoreDataIntroKVC-KVOTests-Info.plist */ = {isa = PBXFileReference; lastKnownFileType = text.plist.xml; path = "CoreDataIntroKVC-KVOTests-Info.plist"; sourceTree = "<group>"; };
		A5E3FDFF1920EC50004912BA /* en */ = {isa = PBXFileReference; lastKnownFileType = text.plist.strings; name = en; path = en.lproj/InfoPlist.strings; sourceTree = "<group>"; };
		A5E3FE011920EC50004912BA /* CoreDataIntroKVC_KVOTests.m */ = {isa = PBXFileReference; lastKnownFileType = sourcecode.c.objc; path = CoreDataIntroKVC_KVOTests.m; sourceTree = "<group>"; };
/* End PBXFileReference section */

/* Begin PBXFrameworksBuildPhase section */
		A5E3FDD01920EC50004912BA /* Frameworks */ = {
			isa = PBXFrameworksBuildPhase;
			buildActionMask = 2147483647;
			files = (
				A5E3FDD91920EC50004912BA /* CoreGraphics.framework in Frameworks */,
				A5E3FDDB1920EC50004912BA /* UIKit.framework in Frameworks */,
				A5E3FDD71920EC50004912BA /* Foundation.framework in Frameworks */,
			);
			runOnlyForDeploymentPostprocessing = 0;
		};
		A5E3FDF11920EC50004912BA /* Frameworks */ = {
			isa = PBXFrameworksBuildPhase;
			buildActionMask = 2147483647;
			files = (
				A5E3FDF61920EC50004912BA /* XCTest.framework in Frameworks */,
				A5E3FDF81920EC50004912BA /* UIKit.framework in Frameworks */,
				A5E3FDF71920EC50004912BA /* Foundation.framework in Frameworks */,
			);
			runOnlyForDeploymentPostprocessing = 0;
		};
/* End PBXFrameworksBuildPhase section */

/* Begin PBXGroup section */
		A5E3FDCA1920EC50004912BA = {
			isa = PBXGroup;
			children = (
				A5E3FDDC1920EC50004912BA /* CoreDataIntroKVC-KVO */,
				A5E3FDFB1920EC50004912BA /* CoreDataIntroKVC-KVOTests */,
				A5E3FDD51920EC50004912BA /* Frameworks */,
				A5E3FDD41920EC50004912BA /* Products */,
			);
			sourceTree = "<group>";
		};
		A5E3FDD41920EC50004912BA /* Products */ = {
			isa = PBXGroup;
			children = (
				A5E3FDD31920EC50004912BA /* CoreDataIntroKVC-KVO.app */,
				A5E3FDF41920EC50004912BA /* CoreDataIntroKVC-KVOTests.xctest */,
			);
			name = Products;
			sourceTree = "<group>";
		};
		A5E3FDD51920EC50004912BA /* Frameworks */ = {
			isa = PBXGroup;
			children = (
				A5E3FDD61920EC50004912BA /* Foundation.framework */,
				A5E3FDD81920EC50004912BA /* CoreGraphics.framework */,
				A5E3FDDA1920EC50004912BA /* UIKit.framework */,
				A5E3FDF51920EC50004912BA /* XCTest.framework */,
			);
			name = Frameworks;
			sourceTree = "<group>";
		};
		A5E3FDDC1920EC50004912BA /* CoreDataIntroKVC-KVO */ = {
			isa = PBXGroup;
			children = (
				A5E3FDE51920EC50004912BA /* TTAppDelegate.h */,
				A5E3FDE61920EC50004912BA /* TTAppDelegate.m */,
				A5E3FDE81920EC50004912BA /* Main.storyboard */,
				A5E3FDEB1920EC50004912BA /* TTViewController.h */,
				A5E3FDEC1920EC50004912BA /* TTViewController.m */,
				A5612CCB1927A077004553FD /* TTStudent.h */,
				A5612CCC1927A077004553FD /* TTStudent.m */,
				A5612CCE1927A605004553FD /* NSDate+RandomDate.h */,
				A5612CCF1927A605004553FD /* NSDate+RandomDate.m */,
				A5E3FDEE1920EC50004912BA /* Images.xcassets */,
				A5E3FDDD1920EC50004912BA /* Supporting Files */,
			);
			path = "CoreDataIntroKVC-KVO";
			sourceTree = "<group>";
		};
		A5E3FDDD1920EC50004912BA /* Supporting Files */ = {
			isa = PBXGroup;
			children = (
				A5E3FDDE1920EC50004912BA /* CoreDataIntroKVC-KVO-Info.plist */,
				A5E3FDDF1920EC50004912BA /* InfoPlist.strings */,
				A5E3FDE21920EC50004912BA /* main.m */,
				A5E3FDE41920EC50004912BA /* CoreDataIntroKVC-KVO-Prefix.pch */,
			);
			name = "Supporting Files";
			sourceTree = "<group>";
		};
		A5E3FDFB1920EC50004912BA /* CoreDataIntroKVC-KVOTests */ = {
			isa = PBXGroup;
			children = (
				A5E3FE011920EC50004912BA /* CoreDataIntroKVC_KVOTests.m */,
				A5E3FDFC1920EC50004912BA /* Supporting Files */,
			);
			path = "CoreDataIntroKVC-KVOTests";
			sourceTree = "<group>";
		};
		A5E3FDFC1920EC50004912BA /* Supporting Files */ = {
			isa = PBXGroup;
			children = (
				A5E3FDFD1920EC50004912BA /* CoreDataIntroKVC-KVOTests-Info.plist */,
				A5E3FDFE1920EC50004912BA /* InfoPlist.strings */,
			);
			name = "Supporting Files";
			sourceTree = "<group>";
		};
/* End PBXGroup section */

/* Begin PBXNativeTarget section */
		A5E3FDD21920EC50004912BA /* CoreDataIntroKVC-KVO */ = {
			isa = PBXNativeTarget;
			buildConfigurationList = A5E3FE051920EC50004912BA /* Build configuration list for PBXNativeTarget "CoreDataIntroKVC-KVO" */;
			buildPhases = (
				A5E3FDCF1920EC50004912BA /* Sources */,
				A5E3FDD01920EC50004912BA /* Frameworks */,
				A5E3FDD11920EC50004912BA /* Resources */,
			);
			buildRules = (
			);
			dependencies = (
			);
			name = "CoreDataIntroKVC-KVO";
			productName = "CoreDataIntroKVC-KVO";
			productReference = A5E3FDD31920EC50004912BA /* CoreDataIntroKVC-KVO.app */;
			productType = "com.apple.product-type.application";
		};
		A5E3FDF31920EC50004912BA /* CoreDataIntroKVC-KVOTests */ = {
			isa = PBXNativeTarget;
			buildConfigurationList = A5E3FE081920EC50004912BA /* Build configuration list for PBXNativeTarget "CoreDataIntroKVC-KVOTests" */;
			buildPhases = (
				A5E3FDF01920EC50004912BA /* Sources */,
				A5E3FDF11920EC50004912BA /* Frameworks */,
				A5E3FDF21920EC50004912BA /* Resources */,
			);
			buildRules = (
			);
			dependencies = (
				A5E3FDFA1920EC50004912BA /* PBXTargetDependency */,
			);
			name = "CoreDataIntroKVC-KVOTests";
			productName = "CoreDataIntroKVC-KVOTests";
			productReference = A5E3FDF41920EC50004912BA /* CoreDataIntroKVC-KVOTests.xctest */;
			productType = "com.apple.product-type.bundle.unit-test";
		};
/* End PBXNativeTarget section */

/* Begin PBXProject section */
		A5E3FDCB1920EC50004912BA /* Project object */ = {
			isa = PBXProject;
			attributes = {
				CLASSPREFIX = TT;
				LastUpgradeCheck = 0510;
				ORGANIZATIONNAME = sergey;
				TargetAttributes = {
					A5E3FDF31920EC50004912BA = {
						TestTargetID = A5E3FDD21920EC50004912BA;
					};
				};
			};
			buildConfigurationList = A5E3FDCE1920EC50004912BA /* Build configuration list for PBXProject "CoreDataIntroKVC-KVO" */;
			compatibilityVersion = "Xcode 3.2";
			developmentRegion = English;
			hasScannedForEncodings = 0;
			knownRegions = (
				en,
				Base,
			);
			mainGroup = A5E3FDCA1920EC50004912BA;
			productRefGroup = A5E3FDD41920EC50004912BA /* Products */;
			projectDirPath = "";
			projectRoot = "";
			targets = (
				A5E3FDD21920EC50004912BA /* CoreDataIntroKVC-KVO */,
				A5E3FDF31920EC50004912BA /* CoreDataIntroKVC-KVOTests */,
			);
		};
/* End PBXProject section */

/* Begin PBXResourcesBuildPhase section */
		A5E3FDD11920EC50004912BA /* Resources */ = {
			isa = PBXResourcesBuildPhase;
			buildActionMask = 2147483647;
			files = (
				A5E3FDEF1920EC50004912BA /* Images.xcassets in Resources */,
				A5E3FDE11920EC50004912BA /* InfoPlist.strings in Resources */,
				A5E3FDEA1920EC50004912BA /* Main.storyboard in Resources */,
			);
			runOnlyForDeploymentPostprocessing = 0;
		};
		A5E3FDF21920EC50004912BA /* Resources */ = {
			isa = PBXResourcesBuildPhase;
			buildActionMask = 2147483647;
			files = (
				A5E3FE001920EC50004912BA /* InfoPlist.strings in Resources */,
			);
			runOnlyForDeploymentPostprocessing = 0;
		};
/* End PBXResourcesBuildPhase section */

/* Begin PBXSourcesBuildPhase section */
		A5E3FDCF1920EC50004912BA /* Sources */ = {
			isa = PBXSourcesBuildPhase;
			buildActionMask = 2147483647;
			files = (
				A5612CD01927A605004553FD /* NSDate+RandomDate.m in Sources */,
				A5E3FDE71920EC50004912BA /* TTAppDelegate.m in Sources */,
				A5612CCD1927A077004553FD /* TTStudent.m in Sources */,
				A5E3FDE31920EC50004912BA /* main.m in Sources */,
				A5E3FDED1920EC50004912BA /* TTViewController.m in Sources */,
			);
			runOnlyForDeploymentPostprocessing = 0;
		};
		A5E3FDF01920EC50004912BA /* Sources */ = {
			isa = PBXSourcesBuildPhase;
			buildActionMask = 2147483647;
			files = (
				A5E3FE021920EC50004912BA /* CoreDataIntroKVC_KVOTests.m in Sources */,
			);
			runOnlyForDeploymentPostprocessing = 0;
		};
/* End PBXSourcesBuildPhase section */

/* Begin PBXTargetDependency section */
		A5E3FDFA1920EC50004912BA /* PBXTargetDependency */ = {
			isa = PBXTargetDependency;
			target = A5E3FDD21920EC50004912BA /* CoreDataIntroKVC-KVO */;
			targetProxy = A5E3FDF91920EC50004912BA /* PBXContainerItemProxy */;
		};
/* End PBXTargetDependency section */

/* Begin PBXVariantGroup section */
		A5E3FDDF1920EC50004912BA /* InfoPlist.strings */ = {
			isa = PBXVariantGroup;
			children = (
				A5E3FDE01920EC50004912BA /* en */,
			);
			name = InfoPlist.strings;
			sourceTree = "<group>";
		};
		A5E3FDE81920EC50004912BA /* Main.storyboard */ = {
			isa = PBXVariantGroup;
			children = (
				A5E3FDE91920EC50004912BA /* Base */,
			);
			name = Main.storyboard;
			sourceTree = "<group>";
		};
		A5E3FDFE1920EC50004912BA /* InfoPlist.strings */ = {
			isa = PBXVariantGroup;
			children = (
				A5E3FDFF1920EC50004912BA /* en */,
			);
			name = InfoPlist.strings;
			sourceTree = "<group>";
		};
/* End PBXVariantGroup section */

/* Begin XCBuildConfiguration section */
		A5E3FE031920EC50004912BA /* Debug */ = {
			isa = XCBuildConfiguration;
			buildSettings = {
				ALWAYS_SEARCH_USER_PATHS = NO;
				CLANG_CXX_LANGUAGE_STANDARD = "gnu++0x";
				CLANG_CXX_LIBRARY = "libc++";
				CLANG_ENABLE_MODULES = YES;
				CLANG_ENABLE_OBJC_ARC = YES;
				CLANG_WARN_BOOL_CONVERSION = YES;
				CLANG_WARN_CONSTANT_CONVERSION = YES;
				CLANG_WARN_DIRECT_OBJC_ISA_USAGE = YES_ERROR;
				CLANG_WARN_EMPTY_BODY = YES;
				CLANG_WARN_ENUM_CONVERSION = YES;
				CLANG_WARN_INT_CONVERSION = YES;
				CLANG_WARN_OBJC_ROOT_CLASS = YES_ERROR;
				CLANG_WARN__DUPLICATE_METHOD_MATCH = YES;
				"CODE_SIGN_IDENTITY[sdk=iphoneos*]" = "iPhone Developer";
				COPY_PHASE_STRIP = NO;
				GCC_C_LANGUAGE_STANDARD = gnu99;
				GCC_DYNAMIC_NO_PIC = NO;
				GCC_OPTIMIZATION_LEVEL = 0;
				GCC_PREPROCESSOR_DEFINITIONS = (
					"DEBUG=1",
					"$(inherited)",
				);
				GCC_SYMBOLS_PRIVATE_EXTERN = NO;
				GCC_WARN_64_TO_32_BIT_CONVERSION = YES;
				GCC_WARN_ABOUT_RETURN_TYPE = YES_ERROR;
				GCC_WARN_UNDECLARED_SELECTOR = YES;
				GCC_WARN_UNINITIALIZED_AUTOS = YES_AGGRESSIVE;
				GCC_WARN_UNUSED_FUNCTION = YES;
				GCC_WARN_UNUSED_VARIABLE = YES;
				IPHONEOS_DEPLOYMENT_TARGET = 7.1;
				ONLY_ACTIVE_ARCH = YES;
				SDKROOT = iphoneos;
			};
			name = Debug;
		};
		A5E3FE041920EC50004912BA /* Release */ = {
			isa = XCBuildConfiguration;
			buildSettings = {
				ALWAYS_SEARCH_USER_PATHS = NO;
				CLANG_CXX_LANGUAGE_STANDARD = "gnu++0x";
				CLANG_CXX_LIBRARY = "libc++";
				CLANG_ENABLE_MODULES = YES;
				CLANG_ENABLE_OBJC_ARC = YES;
				CLANG_WARN_BOOL_CONVERSION = YES;
				CLANG_WARN_CONSTANT_CONVERSION = YES;
				CLANG_WARN_DIRECT_OBJC_ISA_USAGE = YES_ERROR;
				CLANG_WARN_EMPTY_BODY = YES;
				CLANG_WARN_ENUM_CONVERSION = YES;
				CLANG_WARN_INT_CONVERSION = YES;
				CLANG_WARN_OBJC_ROOT_CLASS = YES_ERROR;
				CLANG_WARN__DUPLICATE_METHOD_MATCH = YES;
				"CODE_SIGN_IDENTITY[sdk=iphoneos*]" = "iPhone Developer";
				COPY_PHASE_STRIP = YES;
				ENABLE_NS_ASSERTIONS = NO;
				GCC_C_LANGUAGE_STANDARD = gnu99;
				GCC_WARN_64_TO_32_BIT_CONVERSION = YES;
				GCC_WARN_ABOUT_RETURN_TYPE = YES_ERROR;
				GCC_WARN_UNDECLARED_SELECTOR = YES;
				GCC_WARN_UNINITIALIZED_AUTOS = YES_AGGRESSIVE;
				GCC_WARN_UNUSED_FUNCTION = YES;
				GCC_WARN_UNUSED_VARIABLE = YES;
				IPHONEOS_DEPLOYMENT_TARGET = 7.1;
				SDKROOT = iphoneos;
				VALIDATE_PRODUCT = YES;
			};
			name = Release;
		};
		A5E3FE061920EC50004912BA /* Debug */ = {
			isa = XCBuildConfiguration;
			buildSettings = {
				ASSETCATALOG_COMPILER_APPICON_NAME = AppIcon;
				ASSETCATALOG_COMPILER_LAUNCHIMAGE_NAME = LaunchImage;
				GCC_PRECOMPILE_PREFIX_HEADER = YES;
				GCC_PREFIX_HEADER = "CoreDataIntroKVC-KVO/CoreDataIntroKVC-KVO-Prefix.pch";
				INFOPLIST_FILE = "CoreDataIntroKVC-KVO/CoreDataIntroKVC-KVO-Info.plist";
				PRODUCT_NAME = "$(TARGET_NAME)";
				WRAPPER_EXTENSION = app;
			};
			name = Debug;
		};
		A5E3FE071920EC50004912BA /* Release */ = {
			isa = XCBuildConfiguration;
			buildSettings = {
				ASSETCATALOG_COMPILER_APPICON_NAME = AppIcon;
				ASSETCATALOG_COMPILER_LAUNCHIMAGE_NAME = LaunchImage;
				GCC_PRECOMPILE_PREFIX_HEADER = YES;
				GCC_PREFIX_HEADER = "CoreDataIntroKVC-KVO/CoreDataIntroKVC-KVO-Prefix.pch";
				INFOPLIST_FILE = "CoreDataIntroKVC-KVO/CoreDataIntroKVC-KVO-Info.plist";
				PRODUCT_NAME = "$(TARGET_NAME)";
				WRAPPER_EXTENSION = app;
			};
			name = Release;
		};
		A5E3FE091920EC50004912BA /* Debug */ = {
			isa = XCBuildConfiguration;
			buildSettings = {
				BUNDLE_LOADER = "$(BUILT_PRODUCTS_DIR)/CoreDataIntroKVC-KVO.app/CoreDataIntroKVC-KVO";
				FRAMEWORK_SEARCH_PATHS = (
					"$(SDKROOT)/Developer/Library/Frameworks",
					"$(inherited)",
					"$(DEVELOPER_FRAMEWORKS_DIR)",
				);
				GCC_PRECOMPILE_PREFIX_HEADER = YES;
				GCC_PREFIX_HEADER = "CoreDataIntroKVC-KVO/CoreDataIntroKVC-KVO-Prefix.pch";
				GCC_PREPROCESSOR_DEFINITIONS = (
					"DEBUG=1",
					"$(inherited)",
				);
				INFOPLIST_FILE = "CoreDataIntroKVC-KVOTests/CoreDataIntroKVC-KVOTests-Info.plist";
				PRODUCT_NAME = "$(TARGET_NAME)";
				TEST_HOST = "$(BUNDLE_LOADER)";
				WRAPPER_EXTENSION = xctest;
			};
			name = Debug;
		};
		A5E3FE0A1920EC50004912BA /* Release */ = {
			isa = XCBuildConfiguration;
			buildSettings = {
				BUNDLE_LOADER = "$(BUILT_PRODUCTS_DIR)/CoreDataIntroKVC-KVO.app/CoreDataIntroKVC-KVO";
				FRAMEWORK_SEARCH_PATHS = (
					"$(SDKROOT)/Developer/Library/Frameworks",
					"$(inherited)",
					"$(DEVELOPER_FRAMEWORKS_DIR)",
				);
				GCC_PRECOMPILE_PREFIX_HEADER = YES;
				GCC_PREFIX_HEADER = "CoreDataIntroKVC-KVO/CoreDataIntroKVC-KVO-Prefix.pch";
				INFOPLIST_FILE = "CoreDataIntroKVC-KVOTests/CoreDataIntroKVC-KVOTests-Info.plist";
				PRODUCT_NAME = "$(TARGET_NAME)";
				TEST_HOST = "$(BUNDLE_LOADER)";
				WRAPPER_EXTENSION = xctest;
			};
			name = Release;
		};
/* End XCBuildConfiguration section */

/* Begin XCConfigurationList section */
		A5E3FDCE1920EC50004912BA /* Build configuration list for PBXProject "CoreDataIntroKVC-KVO" */ = {
			isa = XCConfigurationList;
			buildConfigurations = (
				A5E3FE031920EC50004912BA /* Debug */,
				A5E3FE041920EC50004912BA /* Release */,
			);
			defaultConfigurationIsVisible = 0;
			defaultConfigurationName = Release;
		};
		A5E3FE051920EC50004912BA /* Build configuration list for PBXNativeTarget "CoreDataIntroKVC-KVO" */ = {
			isa = XCConfigurationList;
			buildConfigurations = (
				A5E3FE061920EC50004912BA /* Debug */,
				A5E3FE071920EC50004912BA /* Release */,
			);
			defaultConfigurationIsVisible = 0;
			defaultConfigurationName = Release;
		};
		A5E3FE081920EC50004912BA /* Build configuration list for PBXNativeTarget "CoreDataIntroKVC-KVOTests" */ = {
			isa = XCConfigurationList;
			buildConfigurations = (
				A5E3FE091920EC50004912BA /* Debug */,
				A5E3FE0A1920EC50004912BA /* Release */,
			);
			defaultConfigurationIsVisible = 0;
			defaultConfigurationName = Release;
		};
/* End XCConfigurationList section */
	};
	rootObject = A5E3FDCB1920EC50004912BA /* Project object */;
}
